
Microsoft Visual Studio Solution File, Format Version 12.00
# Visual Studio 15
VisualStudioVersion = 15.0.25914.0
MinimumVisualStudioVersion = 10.0.40219.1
Project("{F184B08F-C81C-45F6-A57F-5ABD9991F28F}") = "Data.GIS", "Data.GIS\Data.GIS.vbproj", "{4DAB24A6-7960-422C-B7C7-38B97CAA3B63}"
EndProject
Project("{F184B08F-C81C-45F6-A57F-5ABD9991F28F}") = "CLI_tool", "CLI\CLI_tool.vbproj", "{3C61A45D-6914-448E-B8C8-8953ACD1994A}"
EndProject
Project("{F184B08F-C81C-45F6-A57F-5ABD9991F28F}") = "Resources", "Resources\Resources.vbproj", "{A8306A97-0330-465D-B6F3-0D8640FE38A5}"
EndProject
Project("{F184B08F-C81C-45F6-A57F-5ABD9991F28F}") = "CN", "CN\CN.vbproj", "{0D9F6D45-3D61-4CA6-A45A-D28AD5FF728C}"
EndProject
Global
	GlobalSection(SolutionConfigurationPlatforms) = preSolution
		Debug|Any CPU = Debug|Any CPU
		Debug|x64 = Debug|x64
		Debug|x86 = Debug|x86
		docs|Any CPU = docs|Any CPU
		docs|x64 = docs|x64
		docs|x86 = docs|x86
		Publish|Any CPU = Publish|Any CPU
		Publish|x64 = Publish|x64
		Publish|x86 = Publish|x86
		Release|Any CPU = Release|Any CPU
		Release|x64 = Release|x64
		Release|x86 = Release|x86
	EndGlobalSection
	GlobalSection(ProjectConfigurationPlatforms) = postSolution
		{4DAB24A6-7960-422C-B7C7-38B97CAA3B63}.Debug|Any CPU.ActiveCfg = Debug|Any CPU
		{4DAB24A6-7960-422C-B7C7-38B97CAA3B63}.Debug|Any CPU.Build.0 = Debug|Any CPU
		{4DAB24A6-7960-422C-B7C7-38B97CAA3B63}.Debug|x64.ActiveCfg = Debug|Any CPU
		{4DAB24A6-7960-422C-B7C7-38B97CAA3B63}.Debug|x64.Build.0 = Debug|Any CPU
		{4DAB24A6-7960-422C-B7C7-38B97CAA3B63}.Debug|x86.ActiveCfg = Debug|Any CPU
		{4DAB24A6-7960-422C-B7C7-38B97CAA3B63}.Debug|x86.Build.0 = Debug|Any CPU
		{4DAB24A6-7960-422C-B7C7-38B97CAA3B63}.docs|Any CPU.ActiveCfg = Debug|Any CPU
		{4DAB24A6-7960-422C-B7C7-38B97CAA3B63}.docs|Any CPU.Build.0 = Debug|Any CPU
		{4DAB24A6-7960-422C-B7C7-38B97CAA3B63}.docs|x64.ActiveCfg = Debug|Any CPU
		{4DAB24A6-7960-422C-B7C7-38B97CAA3B63}.docs|x64.Build.0 = Debug|Any CPU
		{4DAB24A6-7960-422C-B7C7-38B97CAA3B63}.docs|x86.ActiveCfg = Debug|Any CPU
		{4DAB24A6-7960-422C-B7C7-38B97CAA3B63}.docs|x86.Build.0 = Debug|Any CPU
		{4DAB24A6-7960-422C-B7C7-38B97CAA3B63}.Publish|Any CPU.ActiveCfg = Release|Any CPU
		{4DAB24A6-7960-422C-B7C7-38B97CAA3B63}.Publish|Any CPU.Build.0 = Release|Any CPU
		{4DAB24A6-7960-422C-B7C7-38B97CAA3B63}.Publish|x64.ActiveCfg = Release|Any CPU
		{4DAB24A6-7960-422C-B7C7-38B97CAA3B63}.Publish|x64.Build.0 = Release|Any CPU
		{4DAB24A6-7960-422C-B7C7-38B97CAA3B63}.Publish|x86.ActiveCfg = Release|Any CPU
		{4DAB24A6-7960-422C-B7C7-38B97CAA3B63}.Publish|x86.Build.0 = Release|Any CPU
		{4DAB24A6-7960-422C-B7C7-38B97CAA3B63}.Release|Any CPU.ActiveCfg = Release|Any CPU
		{4DAB24A6-7960-422C-B7C7-38B97CAA3B63}.Release|Any CPU.Build.0 = Release|Any CPU
		{4DAB24A6-7960-422C-B7C7-38B97CAA3B63}.Release|x64.ActiveCfg = Release|Any CPU
		{4DAB24A6-7960-422C-B7C7-38B97CAA3B63}.Release|x64.Build.0 = Release|Any CPU
		{4DAB24A6-7960-422C-B7C7-38B97CAA3B63}.Release|x86.ActiveCfg = Release|Any CPU
		{4DAB24A6-7960-422C-B7C7-38B97CAA3B63}.Release|x86.Build.0 = Release|Any CPU
		{3C61A45D-6914-448E-B8C8-8953ACD1994A}.Debug|Any CPU.ActiveCfg = Debug|Any CPU
		{3C61A45D-6914-448E-B8C8-8953ACD1994A}.Debug|Any CPU.Build.0 = Debug|Any CPU
		{3C61A45D-6914-448E-B8C8-8953ACD1994A}.Debug|x64.ActiveCfg = Debug|Any CPU
		{3C61A45D-6914-448E-B8C8-8953ACD1994A}.Debug|x64.Build.0 = Debug|Any CPU
		{3C61A45D-6914-448E-B8C8-8953ACD1994A}.Debug|x86.ActiveCfg = Debug|Any CPU
		{3C61A45D-6914-448E-B8C8-8953ACD1994A}.Debug|x86.Build.0 = Debug|Any CPU
		{3C61A45D-6914-448E-B8C8-8953ACD1994A}.docs|Any CPU.ActiveCfg = Debug|Any CPU
		{3C61A45D-6914-448E-B8C8-8953ACD1994A}.docs|Any CPU.Build.0 = Debug|Any CPU
		{3C61A45D-6914-448E-B8C8-8953ACD1994A}.docs|x64.ActiveCfg = Debug|Any CPU
		{3C61A45D-6914-448E-B8C8-8953ACD1994A}.docs|x64.Build.0 = Debug|Any CPU
		{3C61A45D-6914-448E-B8C8-8953ACD1994A}.docs|x86.ActiveCfg = Debug|Any CPU
		{3C61A45D-6914-448E-B8C8-8953ACD1994A}.docs|x86.Build.0 = Debug|Any CPU
		{3C61A45D-6914-448E-B8C8-8953ACD1994A}.Publish|Any CPU.ActiveCfg = Release|Any CPU
		{3C61A45D-6914-448E-B8C8-8953ACD1994A}.Publish|Any CPU.Build.0 = Release|Any CPU
		{3C61A45D-6914-448E-B8C8-8953ACD1994A}.Publish|x64.ActiveCfg = Release|Any CPU
		{3C61A45D-6914-448E-B8C8-8953ACD1994A}.Publish|x64.Build.0 = Release|Any CPU
		{3C61A45D-6914-448E-B8C8-8953ACD1994A}.Publish|x86.ActiveCfg = Release|Any CPU
		{3C61A45D-6914-448E-B8C8-8953ACD1994A}.Publish|x86.Build.0 = Release|Any CPU
		{3C61A45D-6914-448E-B8C8-8953ACD1994A}.Release|Any CPU.ActiveCfg = Release|Any CPU
		{3C61A45D-6914-448E-B8C8-8953ACD1994A}.Release|Any CPU.Build.0 = Release|Any CPU
		{3C61A45D-6914-448E-B8C8-8953ACD1994A}.Release|x64.ActiveCfg = Release|Any CPU
		{3C61A45D-6914-448E-B8C8-8953ACD1994A}.Release|x64.Build.0 = Release|Any CPU
		{3C61A45D-6914-448E-B8C8-8953ACD1994A}.Release|x86.ActiveCfg = Release|Any CPU
		{3C61A45D-6914-448E-B8C8-8953ACD1994A}.Release|x86.Build.0 = Release|Any CPU
		{A8306A97-0330-465D-B6F3-0D8640FE38A5}.Debug|Any CPU.ActiveCfg = Debug|Any CPU
		{A8306A97-0330-465D-B6F3-0D8640FE38A5}.Debug|Any CPU.Build.0 = Debug|Any CPU
		{A8306A97-0330-465D-B6F3-0D8640FE38A5}.Debug|x64.ActiveCfg = Debug|Any CPU
		{A8306A97-0330-465D-B6F3-0D8640FE38A5}.Debug|x64.Build.0 = Debug|Any CPU
		{A8306A97-0330-465D-B6F3-0D8640FE38A5}.Debug|x86.ActiveCfg = Debug|Any CPU
		{A8306A97-0330-465D-B6F3-0D8640FE38A5}.Debug|x86.Build.0 = Debug|Any CPU
		{A8306A97-0330-465D-B6F3-0D8640FE38A5}.docs|Any CPU.ActiveCfg = Debug|Any CPU
		{A8306A97-0330-465D-B6F3-0D8640FE38A5}.docs|Any CPU.Build.0 = Debug|Any CPU
		{A8306A97-0330-465D-B6F3-0D8640FE38A5}.docs|x64.ActiveCfg = Debug|Any CPU
		{A8306A97-0330-465D-B6F3-0D8640FE38A5}.docs|x64.Build.0 = Debug|Any CPU
		{A8306A97-0330-465D-B6F3-0D8640FE38A5}.docs|x86.ActiveCfg = Debug|Any CPU
		{A8306A97-0330-465D-B6F3-0D8640FE38A5}.docs|x86.Build.0 = Debug|Any CPU
		{A8306A97-0330-465D-B6F3-0D8640FE38A5}.Publish|Any CPU.ActiveCfg = Release|Any CPU
		{A8306A97-0330-465D-B6F3-0D8640FE38A5}.Publish|Any CPU.Build.0 = Release|Any CPU
		{A8306A97-0330-465D-B6F3-0D8640FE38A5}.Publish|x64.ActiveCfg = Release|Any CPU
		{A8306A97-0330-465D-B6F3-0D8640FE38A5}.Publish|x64.Build.0 = Release|Any CPU
		{A8306A97-0330-465D-B6F3-0D8640FE38A5}.Publish|x86.ActiveCfg = Release|Any CPU
		{A8306A97-0330-465D-B6F3-0D8640FE38A5}.Publish|x86.Build.0 = Release|Any CPU
		{A8306A97-0330-465D-B6F3-0D8640FE38A5}.Release|Any CPU.ActiveCfg = Release|Any CPU
		{A8306A97-0330-465D-B6F3-0D8640FE38A5}.Release|Any CPU.Build.0 = Release|Any CPU
		{A8306A97-0330-465D-B6F3-0D8640FE38A5}.Release|x64.ActiveCfg = Release|Any CPU
		{A8306A97-0330-465D-B6F3-0D8640FE38A5}.Release|x64.Build.0 = Release|Any CPU
		{A8306A97-0330-465D-B6F3-0D8640FE38A5}.Release|x86.ActiveCfg = Release|Any CPU
		{A8306A97-0330-465D-B6F3-0D8640FE38A5}.Release|x86.Build.0 = Release|Any CPU
		{0D9F6D45-3D61-4CA6-A45A-D28AD5FF728C}.Debug|Any CPU.ActiveCfg = Debug|Any CPU
		{0D9F6D45-3D61-4CA6-A45A-D28AD5FF728C}.Debug|Any CPU.Build.0 = Debug|Any CPU
		{0D9F6D45-3D61-4CA6-A45A-D28AD5FF728C}.Debug|x64.ActiveCfg = Debug|Any CPU
		{0D9F6D45-3D61-4CA6-A45A-D28AD5FF728C}.Debug|x64.Build.0 = Debug|Any CPU
		{0D9F6D45-3D61-4CA6-A45A-D28AD5FF728C}.Debug|x86.ActiveCfg = Debug|Any CPU
		{0D9F6D45-3D61-4CA6-A45A-D28AD5FF728C}.Debug|x86.Build.0 = Debug|Any CPU
		{0D9F6D45-3D61-4CA6-A45A-D28AD5FF728C}.docs|Any CPU.ActiveCfg = Debug|Any CPU
		{0D9F6D45-3D61-4CA6-A45A-D28AD5FF728C}.docs|Any CPU.Build.0 = Debug|Any CPU
		{0D9F6D45-3D61-4CA6-A45A-D28AD5FF728C}.docs|x64.ActiveCfg = Debug|Any CPU
		{0D9F6D45-3D61-4CA6-A45A-D28AD5FF728C}.docs|x64.Build.0 = Debug|Any CPU
		{0D9F6D45-3D61-4CA6-A45A-D28AD5FF728C}.docs|x86.ActiveCfg = Debug|Any CPU
		{0D9F6D45-3D61-4CA6-A45A-D28AD5FF728C}.docs|x86.Build.0 = Debug|Any CPU
		{0D9F6D45-3D61-4CA6-A45A-D28AD5FF728C}.Publish|Any CPU.ActiveCfg = Release|Any CPU
		{0D9F6D45-3D61-4CA6-A45A-D28AD5FF728C}.Publish|Any CPU.Build.0 = Release|Any CPU
		{0D9F6D45-3D61-4CA6-A45A-D28AD5FF728C}.Publish|x64.ActiveCfg = Release|Any CPU
		{0D9F6D45-3D61-4CA6-A45A-D28AD5FF728C}.Publish|x64.Build.0 = Release|Any CPU
		{0D9F6D45-3D61-4CA6-A45A-D28AD5FF728C}.Publish|x86.ActiveCfg = Release|Any CPU
		{0D9F6D45-3D61-4CA6-A45A-D28AD5FF728C}.Publish|x86.Build.0 = Release|Any CPU
		{0D9F6D45-3D61-4CA6-A45A-D28AD5FF728C}.Release|Any CPU.ActiveCfg = Release|Any CPU
		{0D9F6D45-3D61-4CA6-A45A-D28AD5FF728C}.Release|Any CPU.Build.0 = Release|Any CPU
		{0D9F6D45-3D61-4CA6-A45A-D28AD5FF728C}.Release|x64.ActiveCfg = Release|Any CPU
		{0D9F6D45-3D61-4CA6-A45A-D28AD5FF728C}.Release|x64.Build.0 = Release|Any CPU
		{0D9F6D45-3D61-4CA6-A45A-D28AD5FF728C}.Release|x86.ActiveCfg = Release|Any CPU
		{0D9F6D45-3D61-4CA6-A45A-D28AD5FF728C}.Release|x86.Build.0 = Release|Any CPU
	EndGlobalSection
	GlobalSection(SolutionProperties) = preSolution
		HideSolutionNode = FALSE
	EndGlobalSection
	GlobalSection(ExtensibilityGlobals) = postSolution
		SolutionGuid = {1E276649-AAB6-4FBE-97CD-86A223036AB3}
	EndGlobalSection
EndGlobal
